
Microsoft Visual Studio Solution File, Format Version 12.00
# Visual Studio Version 17
VisualStudioVersion = 17.5.33103.201
MinimumVisualStudioVersion = 10.0.40219.1
Project("{9A19103F-16F7-4668-BE54-9A1E7A4F7556}") = "Network Monitor", "Network Monitor\Network Monitor.csproj", "{46A5208D-49CB-499A-BC21-7B6993B1F3F4}"
EndProject
Global
	GlobalSection(SolutionConfigurationPlatforms) = preSolution
		Debug|Any CPU = Debug|Any CPU
		Release|Any CPU = Release|Any CPU
	EndGlobalSection
	GlobalSection(ProjectConfigurationPlatforms) = postSolution
		{46A5208D-49CB-499A-BC21-7B6993B1F3F4}.Debug|Any CPU.ActiveCfg = Debug|Any CPU
		{46A5208D-49CB-499A-BC21-7B6993B1F3F4}.Debug|Any CPU.Build.0 = Debug|Any CPU
		{46A5208D-49CB-499A-BC21-7B6993B1F3F4}.Release|Any CPU.ActiveCfg = Release|Any CPU
		{46A5208D-49CB-499A-BC21-7B6993B1F3F4}.Release|Any CPU.Build.0 = Release|Any CPU
	EndGlobalSection
	GlobalSection(SolutionProperties) = preSolution
		HideSolutionNode = FALSE
	EndGlobalSection
EndGlobal
